
Microsoft Visual Studio Solution File, Format Version 12.00
# Visual Studio Version 16
VisualStudioVersion = 16.0.34031.81
MinimumVisualStudioVersion = 10.0.40219.1
Project("{FAE04EC0-301F-11D3-BF4B-00C04F79EFBC}") = "visor de imagenes5", "visor de imagenes5\visor de imagenes5.csproj", "{B6E06968-DBCE-4D9F-A950-C76424552C07}"
EndProject
Global
	GlobalSection(SolutionConfigurationPlatforms) = preSolution
		Debug|Any CPU = Debug|Any CPU
		Release|Any CPU = Release|Any CPU
	EndGlobalSection
	GlobalSection(ProjectConfigurationPlatforms) = postSolution
		{B6E06968-DBCE-4D9F-A950-C76424552C07}.Debug|Any CPU.ActiveCfg = Debug|Any CPU
		{B6E06968-DBCE-4D9F-A950-C76424552C07}.Debug|Any CPU.Build.0 = Debug|Any CPU
		{B6E06968-DBCE-4D9F-A950-C76424552C07}.Release|Any CPU.ActiveCfg = Release|Any CPU
		{B6E06968-DBCE-4D9F-A950-C76424552C07}.Release|Any CPU.Build.0 = Release|Any CPU
	EndGlobalSection
	GlobalSection(SolutionProperties) = preSolution
		HideSolutionNode = FALSE
	EndGlobalSection
	GlobalSection(ExtensibilityGlobals) = postSolution
		SolutionGuid = {CF98E214-8BD8-4A55-9600-B186C0055B7D}
	EndGlobalSection
EndGlobal
